// !$*UTF8*$!
{
	archiveVersion = 1;
	classes = {
	};
	objectVersion = 46;
	objects = {

/* Begin PBXBuildFile section */
		8EDA0AE119CF440900F89E40 /* Images.xcassets in Resources */ = {isa = PBXBuildFile; fileRef = A584A31A19C6FEEC009B1B68 /* Images.xcassets */; };
		A51D25EC19C86B5F0088C9E7 /* SplitViewControllerDemo.m in Sources */ = {isa = PBXBuildFile; fileRef = A51D25EB19C86B5F0088C9E7 /* SplitViewControllerDemo.m */; };
		A523E82619CAC44700460AA1 /* weatherBG.jpg in Resources */ = {isa = PBXBuildFile; fileRef = A523E82519CAC44700460AA1 /* weatherBG.jpg */; };
		A52938B019C84DAB0040C21E /* AlertViewAndActionSheetViewController.m in Sources */ = {isa = PBXBuildFile; fileRef = A52938AF19C84DAB0040C21E /* AlertViewAndActionSheetViewController.m */; };
		A57EE7F719C9C80F006C4B75 /* TodayExtensionDemoViewController.m in Sources */ = {isa = PBXBuildFile; fileRef = A57EE7F619C9C80F006C4B75 /* TodayExtensionDemoViewController.m */; };
		A57EE7FD19C9C882006C4B75 /* NotificationCenter.framework in Frameworks */ = {isa = PBXBuildFile; fileRef = A57EE7CD19C9C486006C4B75 /* NotificationCenter.framework */; };
		A57EE80819C9C882006C4B75 /* com.satheeshwaran.iOS8FeaturesDemo.TodayExtensionDemo.appex in Embed App Extensions */ = {isa = PBXBuildFile; fileRef = A57EE7FC19C9C882006C4B75 /* com.satheeshwaran.iOS8FeaturesDemo.TodayExtensionDemo.appex */; };
		A57EE81319C9C89A006C4B75 /* MainInterface.storyboard in Resources */ = {isa = PBXBuildFile; fileRef = A57EE80F19C9C89A006C4B75 /* MainInterface.storyboard */; };
		A57EE81419C9C89A006C4B75 /* TodayViewController.m in Sources */ = {isa = PBXBuildFile; fileRef = A57EE81119C9C89A006C4B75 /* TodayViewController.m */; };
		A57EE83019C9CBDA006C4B75 /* weather-broken.png in Resources */ = {isa = PBXBuildFile; fileRef = A57EE81819C9CBDA006C4B75 /* weather-broken.png */; };
		A57EE83119C9CBDA006C4B75 /* weather-broken@2x.png in Resources */ = {isa = PBXBuildFile; fileRef = A57EE81919C9CBDA006C4B75 /* weather-broken@2x.png */; };
		A57EE83219C9CBDA006C4B75 /* weather-clear.png in Resources */ = {isa = PBXBuildFile; fileRef = A57EE81A19C9CBDA006C4B75 /* weather-clear.png */; };
		A57EE83319C9CBDA006C4B75 /* weather-clear@2x.png in Resources */ = {isa = PBXBuildFile; fileRef = A57EE81B19C9CBDA006C4B75 /* weather-clear@2x.png */; };
		A57EE83419C9CBDA006C4B75 /* weather-few-night.png in Resources */ = {isa = PBXBuildFile; fileRef = A57EE81C19C9CBDA006C4B75 /* weather-few-night.png */; };
		A57EE83519C9CBDA006C4B75 /* weather-few-night@2x.png in Resources */ = {isa = PBXBuildFile; fileRef = A57EE81D19C9CBDA006C4B75 /* weather-few-night@2x.png */; };
		A57EE83619C9CBDA006C4B75 /* weather-few.png in Resources */ = {isa = PBXBuildFile; fileRef = A57EE81E19C9CBDA006C4B75 /* weather-few.png */; };
		A57EE83719C9CBDA006C4B75 /* weather-few@2x.png in Resources */ = {isa = PBXBuildFile; fileRef = A57EE81F19C9CBDA006C4B75 /* weather-few@2x.png */; };
		A57EE83819C9CBDA006C4B75 /* weather-mist.png in Resources */ = {isa = PBXBuildFile; fileRef = A57EE82019C9CBDA006C4B75 /* weather-mist.png */; };
		A57EE83919C9CBDA006C4B75 /* weather-mist@2x.png in Resources */ = {isa = PBXBuildFile; fileRef = A57EE82119C9CBDA006C4B75 /* weather-mist@2x.png */; };
		A57EE83A19C9CBDA006C4B75 /* weather-moon.png in Resources */ = {isa = PBXBuildFile; fileRef = A57EE82219C9CBDA006C4B75 /* weather-moon.png */; };
		A57EE83B19C9CBDA006C4B75 /* weather-moon@2x.png in Resources */ = {isa = PBXBuildFile; fileRef = A57EE82319C9CBDA006C4B75 /* weather-moon@2x.png */; };
		A57EE83C19C9CBDA006C4B75 /* weather-rain-night.png in Resources */ = {isa = PBXBuildFile; fileRef = A57EE82419C9CBDA006C4B75 /* weather-rain-night.png */; };
		A57EE83D19C9CBDA006C4B75 /* weather-rain-night@2x.png in Resources */ = {isa = PBXBuildFile; fileRef = A57EE82519C9CBDA006C4B75 /* weather-rain-night@2x.png */; };
		A57EE83E19C9CBDA006C4B75 /* weather-rain.png in Resources */ = {isa = PBXBuildFile; fileRef = A57EE82619C9CBDA006C4B75 /* weather-rain.png */; };
		A57EE83F19C9CBDA006C4B75 /* weather-rain@2x.png in Resources */ = {isa = PBXBuildFile; fileRef = A57EE82719C9CBDA006C4B75 /* weather-rain@2x.png */; };
		A57EE84019C9CBDA006C4B75 /* weather-scattered.png in Resources */ = {isa = PBXBuildFile; fileRef = A57EE82819C9CBDA006C4B75 /* weather-scattered.png */; };
		A57EE84119C9CBDA006C4B75 /* weather-scattered@2x.png in Resources */ = {isa = PBXBuildFile; fileRef = A57EE82919C9CBDA006C4B75 /* weather-scattered@2x.png */; };
		A57EE84219C9CBDA006C4B75 /* weather-shower.png in Resources */ = {isa = PBXBuildFile; fileRef = A57EE82A19C9CBDA006C4B75 /* weather-shower.png */; };
		A57EE84319C9CBDA006C4B75 /* weather-shower@2x.png in Resources */ = {isa = PBXBuildFile; fileRef = A57EE82B19C9CBDA006C4B75 /* weather-shower@2x.png */; };
		A57EE84419C9CBDA006C4B75 /* weather-snow.png in Resources */ = {isa = PBXBuildFile; fileRef = A57EE82C19C9CBDA006C4B75 /* weather-snow.png */; };
		A57EE84519C9CBDA006C4B75 /* weather-snow@2x.png in Resources */ = {isa = PBXBuildFile; fileRef = A57EE82D19C9CBDA006C4B75 /* weather-snow@2x.png */; };
		A57EE84619C9CBDA006C4B75 /* weather-tstorm.png in Resources */ = {isa = PBXBuildFile; fileRef = A57EE82E19C9CBDA006C4B75 /* weather-tstorm.png */; };
		A57EE84719C9CBDA006C4B75 /* weather-tstorm@2x.png in Resources */ = {isa = PBXBuildFile; fileRef = A57EE82F19C9CBDA006C4B75 /* weather-tstorm@2x.png */; };
		A584A31019C6FEEC009B1B68 /* main.m in Sources */ = {isa = PBXBuildFile; fileRef = A584A30F19C6FEEC009B1B68 /* main.m */; };
		A584A31319C6FEEC009B1B68 /* AppDelegate.m in Sources */ = {isa = PBXBuildFile; fileRef = A584A31219C6FEEC009B1B68 /* AppDelegate.m */; };
		A584A31619C6FEEC009B1B68 /* ViewController.m in Sources */ = {isa = PBXBuildFile; fileRef = A584A31519C6FEEC009B1B68 /* ViewController.m */; };
		A584A31919C6FEEC009B1B68 /* Main.storyboard in Resources */ = {isa = PBXBuildFile; fileRef = A584A31719C6FEEC009B1B68 /* Main.storyboard */; };
		A584A31B19C6FEEC009B1B68 /* Images.xcassets in Resources */ = {isa = PBXBuildFile; fileRef = A584A31A19C6FEEC009B1B68 /* Images.xcassets */; };
		A584A32719C6FEEC009B1B68 /* iOS8FeaturesDemoTests.m in Sources */ = {isa = PBXBuildFile; fileRef = A584A32619C6FEEC009B1B68 /* iOS8FeaturesDemoTests.m */; };
		A584A33219C708F9009B1B68 /* LocalNotificationsViewController.m in Sources */ = {isa = PBXBuildFile; fileRef = A584A33119C708F9009B1B68 /* LocalNotificationsViewController.m */; };
		A584A33519C70972009B1B68 /* AddNewLocalNotificationViewController.m in Sources */ = {isa = PBXBuildFile; fileRef = A584A33419C70972009B1B68 /* AddNewLocalNotificationViewController.m */; };
		A586EBA119CC5BAB005A215A /* ActionViewController.m in Sources */ = {isa = PBXBuildFile; fileRef = A586EBA019CC5BAB005A215A /* ActionViewController.m */; };
		A586EBA319CC5BAB005A215A /* MainInterface.storyboard in Resources */ = {isa = PBXBuildFile; fileRef = A586EBA219CC5BAB005A215A /* MainInterface.storyboard */; };
		A586EBA619CC5BAB005A215A /* TranslateActionDemo.appex in Embed App Extensions */ = {isa = PBXBuildFile; fileRef = A586EB9B19CC5BAA005A215A /* TranslateActionDemo.appex */; settings = {ATTRIBUTES = (RemoveHeadersOnCopy, ); }; };
		A586EBAE19CC606B005A215A /* ActionExtensionDemoViewController.m in Sources */ = {isa = PBXBuildFile; fileRef = A586EBAD19CC606B005A215A /* ActionExtensionDemoViewController.m */; };
		A5C9EAB519CB1AF600BD4EC4 /* com.satheeshwaran.ios8featuresdemo.InternetSlangKeyboard.appex in Embed App Extensions */ = {isa = PBXBuildFile; fileRef = A5C9EAAC19CB1AF500BD4EC4 /* com.satheeshwaran.ios8featuresdemo.InternetSlangKeyboard.appex */; };
		A5C9EACB19CB1D2000BD4EC4 /* CustomKeyBoardView.xib in Resources */ = {isa = PBXBuildFile; fileRef = A5C9EAC619CB1D2000BD4EC4 /* CustomKeyBoardView.xib */; };
		A5C9EACC19CB1D2000BD4EC4 /* KeyboardViewController.m in Sources */ = {isa = PBXBuildFile; fileRef = A5C9EAC819CB1D2000BD4EC4 /* KeyboardViewController.m */; };
		A5C9EACD19CB1D2000BD4EC4 /* UIButton+Bootstrap.m in Sources */ = {isa = PBXBuildFile; fileRef = A5C9EACA19CB1D2000BD4EC4 /* UIButton+Bootstrap.m */; };
		A5D00D4C19C96AF700B9C669 /* ToucIDDemoViewController.m in Sources */ = {isa = PBXBuildFile; fileRef = A5D00D4B19C96AF700B9C669 /* ToucIDDemoViewController.m */; };
		A5FB963A19C872160096C2D3 /* SplitMasterTableViewController.m in Sources */ = {isa = PBXBuildFile; fileRef = A5FB963919C872160096C2D3 /* SplitMasterTableViewController.m */; };
		A5FB963D19C87C070096C2D3 /* UIVisualEffectsDemoViewController.m in Sources */ = {isa = PBXBuildFile; fileRef = A5FB963C19C87C070096C2D3 /* UIVisualEffectsDemoViewController.m */; };
/* End PBXBuildFile section */

/* Begin PBXContainerItemProxy section */
		A57EE80619C9C882006C4B75 /* PBXContainerItemProxy */ = {
			isa = PBXContainerItemProxy;
			containerPortal = A584A30219C6FEEC009B1B68 /* Project object */;
			proxyType = 1;
			remoteGlobalIDString = A57EE7FB19C9C882006C4B75;
			remoteInfo = TodayExtensionDemo;
		};
		A57EE80919C9C882006C4B75 /* PBXContainerItemProxy */ = {
			isa = PBXContainerItemProxy;
			containerPortal = A584A30219C6FEEC009B1B68 /* Project object */;
			proxyType = 1;
			remoteGlobalIDString = A57EE7FB19C9C882006C4B75;
			remoteInfo = TodayExtensionDemo;
		};
		A57EE84919C9D429006C4B75 /* PBXContainerItemProxy */ = {
			isa = PBXContainerItemProxy;
			containerPortal = A584A30219C6FEEC009B1B68 /* Project object */;
			proxyType = 1;
			remoteGlobalIDString = A584A30919C6FEEC009B1B68;
			remoteInfo = iOS8FeaturesDemo;
		};
		A57EE84B19C9D429006C4B75 /* PBXContainerItemProxy */ = {
			isa = PBXContainerItemProxy;
			containerPortal = A584A30219C6FEEC009B1B68 /* Project object */;
			proxyType = 1;
			remoteGlobalIDString = A584A30919C6FEEC009B1B68;
			remoteInfo = iOS8FeaturesDemo;
		};
		A584A32119C6FEEC009B1B68 /* PBXContainerItemProxy */ = {
			isa = PBXContainerItemProxy;
			containerPortal = A584A30219C6FEEC009B1B68 /* Project object */;
			proxyType = 1;
			remoteGlobalIDString = A584A30919C6FEEC009B1B68;
			remoteInfo = iOS8FeaturesDemo;
		};
		A586EBA419CC5BAB005A215A /* PBXContainerItemProxy */ = {
			isa = PBXContainerItemProxy;
			containerPortal = A584A30219C6FEEC009B1B68 /* Project object */;
			proxyType = 1;
			remoteGlobalIDString = A586EB9A19CC5BAA005A215A;
			remoteInfo = TranslateActionDemo;
		};
		A586EBA719CC5BAB005A215A /* PBXContainerItemProxy */ = {
			isa = PBXContainerItemProxy;
			containerPortal = A584A30219C6FEEC009B1B68 /* Project object */;
			proxyType = 1;
			remoteGlobalIDString = A586EB9A19CC5BAA005A215A;
			remoteInfo = TranslateActionDemo;
		};
		A5C9EAB319CB1AF600BD4EC4 /* PBXContainerItemProxy */ = {
			isa = PBXContainerItemProxy;
			containerPortal = A584A30219C6FEEC009B1B68 /* Project object */;
			proxyType = 1;
			remoteGlobalIDString = A5C9EAAB19CB1AF500BD4EC4;
			remoteInfo = InternetSlangKeyboard;
		};
		A5C9EAB619CB1AF600BD4EC4 /* PBXContainerItemProxy */ = {
			isa = PBXContainerItemProxy;
			containerPortal = A584A30219C6FEEC009B1B68 /* Project object */;
			proxyType = 1;
			remoteGlobalIDString = A5C9EAAB19CB1AF500BD4EC4;
			remoteInfo = InternetSlangKeyboard;
		};
/* End PBXContainerItemProxy section */

/* Begin PBXCopyFilesBuildPhase section */
		A57EE7D919C9C486006C4B75 /* Embed App Extensions */ = {
			isa = PBXCopyFilesBuildPhase;
			buildActionMask = 2147483647;
			dstPath = "";
			dstSubfolderSpec = 13;
			files = (
				A5C9EAB519CB1AF600BD4EC4 /* com.satheeshwaran.ios8featuresdemo.InternetSlangKeyboard.appex in Embed App Extensions */,
				A586EBA619CC5BAB005A215A /* TranslateActionDemo.appex in Embed App Extensions */,
				A57EE80819C9C882006C4B75 /* com.satheeshwaran.iOS8FeaturesDemo.TodayExtensionDemo.appex in Embed App Extensions */,
			);
			name = "Embed App Extensions";
			runOnlyForDeploymentPostprocessing = 0;
		};
/* End PBXCopyFilesBuildPhase section */

/* Begin PBXFileReference section */
		A51D25EA19C86B5F0088C9E7 /* SplitViewControllerDemo.h */ = {isa = PBXFileReference; fileEncoding = 4; lastKnownFileType = sourcecode.c.h; path = SplitViewControllerDemo.h; sourceTree = "<group>"; };
		A51D25EB19C86B5F0088C9E7 /* SplitViewControllerDemo.m */ = {isa = PBXFileReference; fileEncoding = 4; lastKnownFileType = sourcecode.c.objc; path = SplitViewControllerDemo.m; sourceTree = "<group>"; };
		A523E82519CAC44700460AA1 /* weatherBG.jpg */ = {isa = PBXFileReference; lastKnownFileType = image.jpeg; path = weatherBG.jpg; sourceTree = "<group>"; };
		A52938AE19C84DAB0040C21E /* AlertViewAndActionSheetViewController.h */ = {isa = PBXFileReference; fileEncoding = 4; lastKnownFileType = sourcecode.c.h; path = AlertViewAndActionSheetViewController.h; sourceTree = "<group>"; };
		A52938AF19C84DAB0040C21E /* AlertViewAndActionSheetViewController.m */ = {isa = PBXFileReference; fileEncoding = 4; lastKnownFileType = sourcecode.c.objc; path = AlertViewAndActionSheetViewController.m; sourceTree = "<group>"; };
		A57EE7CD19C9C486006C4B75 /* NotificationCenter.framework */ = {isa = PBXFileReference; lastKnownFileType = wrapper.framework; name = NotificationCenter.framework; path = System/Library/Frameworks/NotificationCenter.framework; sourceTree = SDKROOT; };
		A57EE7F419C9C7B3006C4B75 /* iOS8FeaturesDemo.entitlements */ = {isa = PBXFileReference; lastKnownFileType = text.xml; path = iOS8FeaturesDemo.entitlements; sourceTree = "<group>"; };
		A57EE7F519C9C80F006C4B75 /* TodayExtensionDemoViewController.h */ = {isa = PBXFileReference; fileEncoding = 4; lastKnownFileType = sourcecode.c.h; path = TodayExtensionDemoViewController.h; sourceTree = "<group>"; };
		A57EE7F619C9C80F006C4B75 /* TodayExtensionDemoViewController.m */ = {isa = PBXFileReference; fileEncoding = 4; lastKnownFileType = sourcecode.c.objc; path = TodayExtensionDemoViewController.m; sourceTree = "<group>"; };
		A57EE7FC19C9C882006C4B75 /* com.satheeshwaran.iOS8FeaturesDemo.TodayExtensionDemo.appex */ = {isa = PBXFileReference; explicitFileType = "wrapper.app-extension"; includeInIndex = 0; path = com.satheeshwaran.iOS8FeaturesDemo.TodayExtensionDemo.appex; sourceTree = BUILT_PRODUCTS_DIR; };
		A57EE80F19C9C89A006C4B75 /* MainInterface.storyboard */ = {isa = PBXFileReference; fileEncoding = 4; lastKnownFileType = file.storyboard; path = MainInterface.storyboard; sourceTree = "<group>"; };
		A57EE81019C9C89A006C4B75 /* TodayViewController.h */ = {isa = PBXFileReference; fileEncoding = 4; lastKnownFileType = sourcecode.c.h; path = TodayViewController.h; sourceTree = "<group>"; };
		A57EE81119C9C89A006C4B75 /* TodayViewController.m */ = {isa = PBXFileReference; fileEncoding = 4; lastKnownFileType = sourcecode.c.objc; path = TodayViewController.m; sourceTree = "<group>"; };
		A57EE81519C9C8BC006C4B75 /* Info.plist */ = {isa = PBXFileReference; fileEncoding = 4; lastKnownFileType = text.plist.xml; path = Info.plist; sourceTree = "<group>"; };
		A57EE81819C9CBDA006C4B75 /* weather-broken.png */ = {isa = PBXFileReference; lastKnownFileType = image.png; path = "weather-broken.png"; sourceTree = "<group>"; };
		A57EE81919C9CBDA006C4B75 /* weather-broken@2x.png */ = {isa = PBXFileReference; lastKnownFileType = image.png; path = "weather-broken@2x.png"; sourceTree = "<group>"; };
		A57EE81A19C9CBDA006C4B75 /* weather-clear.png */ = {isa = PBXFileReference; lastKnownFileType = image.png; path = "weather-clear.png"; sourceTree = "<group>"; };
		A57EE81B19C9CBDA006C4B75 /* weather-clear@2x.png */ = {isa = PBXFileReference; lastKnownFileType = image.png; path = "weather-clear@2x.png"; sourceTree = "<group>"; };
		A57EE81C19C9CBDA006C4B75 /* weather-few-night.png */ = {isa = PBXFileReference; lastKnownFileType = image.png; path = "weather-few-night.png"; sourceTree = "<group>"; };
		A57EE81D19C9CBDA006C4B75 /* weather-few-night@2x.png */ = {isa = PBXFileReference; lastKnownFileType = image.png; path = "weather-few-night@2x.png"; sourceTree = "<group>"; };
		A57EE81E19C9CBDA006C4B75 /* weather-few.png */ = {isa = PBXFileReference; lastKnownFileType = image.png; path = "weather-few.png"; sourceTree = "<group>"; };
		A57EE81F19C9CBDA006C4B75 /* weather-few@2x.png */ = {isa = PBXFileReference; lastKnownFileType = image.png; path = "weather-few@2x.png"; sourceTree = "<group>"; };
		A57EE82019C9CBDA006C4B75 /* weather-mist.png */ = {isa = PBXFileReference; lastKnownFileType = image.png; path = "weather-mist.png"; sourceTree = "<group>"; };
		A57EE82119C9CBDA006C4B75 /* weather-mist@2x.png */ = {isa = PBXFileReference; lastKnownFileType = image.png; path = "weather-mist@2x.png"; sourceTree = "<group>"; };
		A57EE82219C9CBDA006C4B75 /* weather-moon.png */ = {isa = PBXFileReference; lastKnownFileType = image.png; path = "weather-moon.png"; sourceTree = "<group>"; };
		A57EE82319C9CBDA006C4B75 /* weather-moon@2x.png */ = {isa = PBXFileReference; lastKnownFileType = image.png; path = "weather-moon@2x.png"; sourceTree = "<group>"; };
		A57EE82419C9CBDA006C4B75 /* weather-rain-night.png */ = {isa = PBXFileReference; lastKnownFileType = image.png; path = "weather-rain-night.png"; sourceTree = "<group>"; };
		A57EE82519C9CBDA006C4B75 /* weather-rain-night@2x.png */ = {isa = PBXFileReference; lastKnownFileType = image.png; path = "weather-rain-night@2x.png"; sourceTree = "<group>"; };
		A57EE82619C9CBDA006C4B75 /* weather-rain.png */ = {isa = PBXFileReference; lastKnownFileType = image.png; path = "weather-rain.png"; sourceTree = "<group>"; };
		A57EE82719C9CBDA006C4B75 /* weather-rain@2x.png */ = {isa = PBXFileReference; lastKnownFileType = image.png; path = "weather-rain@2x.png"; sourceTree = "<group>"; };
		A57EE82819C9CBDA006C4B75 /* weather-scattered.png */ = {isa = PBXFileReference; lastKnownFileType = image.png; path = "weather-scattered.png"; sourceTree = "<group>"; };
		A57EE82919C9CBDA006C4B75 /* weather-scattered@2x.png */ = {isa = PBXFileReference; lastKnownFileType = image.png; path = "weather-scattered@2x.png"; sourceTree = "<group>"; };
		A57EE82A19C9CBDA006C4B75 /* weather-shower.png */ = {isa = PBXFileReference; lastKnownFileType = image.png; path = "weather-shower.png"; sourceTree = "<group>"; };
		A57EE82B19C9CBDA006C4B75 /* weather-shower@2x.png */ = {isa = PBXFileReference; lastKnownFileType = image.png; path = "weather-shower@2x.png"; sourceTree = "<group>"; };
		A57EE82C19C9CBDA006C4B75 /* weather-snow.png */ = {isa = PBXFileReference; lastKnownFileType = image.png; path = "weather-snow.png"; sourceTree = "<group>"; };
		A57EE82D19C9CBDA006C4B75 /* weather-snow@2x.png */ = {isa = PBXFileReference; lastKnownFileType = image.png; path = "weather-snow@2x.png"; sourceTree = "<group>"; };
		A57EE82E19C9CBDA006C4B75 /* weather-tstorm.png */ = {isa = PBXFileReference; lastKnownFileType = image.png; path = "weather-tstorm.png"; sourceTree = "<group>"; };
		A57EE82F19C9CBDA006C4B75 /* weather-tstorm@2x.png */ = {isa = PBXFileReference; lastKnownFileType = image.png; path = "weather-tstorm@2x.png"; sourceTree = "<group>"; };
		A57EE84819C9D210006C4B75 /* com.satheeshwaran.iOS8FeaturesDemo.TodayExtensionDemo.entitlements */ = {isa = PBXFileReference; lastKnownFileType = text.xml; path = com.satheeshwaran.iOS8FeaturesDemo.TodayExtensionDemo.entitlements; sourceTree = "<group>"; };
		A584A30A19C6FEEC009B1B68 /* iOS8FeaturesDemo.app */ = {isa = PBXFileReference; explicitFileType = wrapper.application; includeInIndex = 0; path = iOS8FeaturesDemo.app; sourceTree = BUILT_PRODUCTS_DIR; };
		A584A30E19C6FEEC009B1B68 /* Info.plist */ = {isa = PBXFileReference; lastKnownFileType = text.plist.xml; path = Info.plist; sourceTree = "<group>"; };
		A584A30F19C6FEEC009B1B68 /* main.m */ = {isa = PBXFileReference; lastKnownFileType = sourcecode.c.objc; path = main.m; sourceTree = "<group>"; };
		A584A31119C6FEEC009B1B68 /* AppDelegate.h */ = {isa = PBXFileReference; lastKnownFileType = sourcecode.c.h; path = AppDelegate.h; sourceTree = "<group>"; };
		A584A31219C6FEEC009B1B68 /* AppDelegate.m */ = {isa = PBXFileReference; lastKnownFileType = sourcecode.c.objc; path = AppDelegate.m; sourceTree = "<group>"; };
		A584A31419C6FEEC009B1B68 /* ViewController.h */ = {isa = PBXFileReference; lastKnownFileType = sourcecode.c.h; path = ViewController.h; sourceTree = "<group>"; };
		A584A31519C6FEEC009B1B68 /* ViewController.m */ = {isa = PBXFileReference; lastKnownFileType = sourcecode.c.objc; path = ViewController.m; sourceTree = "<group>"; };
		A584A31819C6FEEC009B1B68 /* Base */ = {isa = PBXFileReference; lastKnownFileType = file.storyboard; name = Base; path = Base.lproj/Main.storyboard; sourceTree = "<group>"; };
		A584A31A19C6FEEC009B1B68 /* Images.xcassets */ = {isa = PBXFileReference; lastKnownFileType = folder.assetcatalog; path = Images.xcassets; sourceTree = "<group>"; };
		A584A32019C6FEEC009B1B68 /* iOS8FeaturesDemoTests.xctest */ = {isa = PBXFileReference; explicitFileType = wrapper.cfbundle; includeInIndex = 0; path = iOS8FeaturesDemoTests.xctest; sourceTree = BUILT_PRODUCTS_DIR; };
		A584A32519C6FEEC009B1B68 /* Info.plist */ = {isa = PBXFileReference; lastKnownFileType = text.plist.xml; path = Info.plist; sourceTree = "<group>"; };
		A584A32619C6FEEC009B1B68 /* iOS8FeaturesDemoTests.m */ = {isa = PBXFileReference; lastKnownFileType = sourcecode.c.objc; path = iOS8FeaturesDemoTests.m; sourceTree = "<group>"; };
		A584A33019C708F9009B1B68 /* LocalNotificationsViewController.h */ = {isa = PBXFileReference; fileEncoding = 4; lastKnownFileType = sourcecode.c.h; path = LocalNotificationsViewController.h; sourceTree = "<group>"; };
		A584A33119C708F9009B1B68 /* LocalNotificationsViewController.m */ = {isa = PBXFileReference; fileEncoding = 4; lastKnownFileType = sourcecode.c.objc; path = LocalNotificationsViewController.m; sourceTree = "<group>"; };
		A584A33319C70972009B1B68 /* AddNewLocalNotificationViewController.h */ = {isa = PBXFileReference; fileEncoding = 4; lastKnownFileType = sourcecode.c.h; path = AddNewLocalNotificationViewController.h; sourceTree = "<group>"; };
		A584A33419C70972009B1B68 /* AddNewLocalNotificationViewController.m */ = {isa = PBXFileReference; fileEncoding = 4; lastKnownFileType = sourcecode.c.objc; path = AddNewLocalNotificationViewController.m; sourceTree = "<group>"; };
		A586EB9B19CC5BAA005A215A /* TranslateActionDemo.appex */ = {isa = PBXFileReference; explicitFileType = "wrapper.app-extension"; includeInIndex = 0; path = TranslateActionDemo.appex; sourceTree = BUILT_PRODUCTS_DIR; };
		A586EB9E19CC5BAB005A215A /* Info.plist */ = {isa = PBXFileReference; lastKnownFileType = text.plist.xml; path = Info.plist; sourceTree = "<group>"; };
		A586EB9F19CC5BAB005A215A /* ActionViewController.h */ = {isa = PBXFileReference; lastKnownFileType = sourcecode.c.h; path = ActionViewController.h; sourceTree = "<group>"; };
		A586EBA019CC5BAB005A215A /* ActionViewController.m */ = {isa = PBXFileReference; lastKnownFileType = sourcecode.c.objc; path = ActionViewController.m; sourceTree = "<group>"; };
		A586EBA219CC5BAB005A215A /* MainInterface.storyboard */ = {isa = PBXFileReference; lastKnownFileType = file.storyboard; path = MainInterface.storyboard; sourceTree = "<group>"; };
		A586EBAC19CC606B005A215A /* ActionExtensionDemoViewController.h */ = {isa = PBXFileReference; fileEncoding = 4; lastKnownFileType = sourcecode.c.h; path = ActionExtensionDemoViewController.h; sourceTree = "<group>"; };
		A586EBAD19CC606B005A215A /* ActionExtensionDemoViewController.m */ = {isa = PBXFileReference; fileEncoding = 4; lastKnownFileType = sourcecode.c.objc; path = ActionExtensionDemoViewController.m; sourceTree = "<group>"; };
		A5C9EAAC19CB1AF500BD4EC4 /* com.satheeshwaran.ios8featuresdemo.InternetSlangKeyboard.appex */ = {isa = PBXFileReference; explicitFileType = "wrapper.app-extension"; includeInIndex = 0; path = com.satheeshwaran.ios8featuresdemo.InternetSlangKeyboard.appex; sourceTree = BUILT_PRODUCTS_DIR; };
		A5C9EAAF19CB1AF600BD4EC4 /* Info.plist */ = {isa = PBXFileReference; lastKnownFileType = text.plist.xml; path = Info.plist; sourceTree = "<group>"; };
		A5C9EAC619CB1D2000BD4EC4 /* CustomKeyBoardView.xib */ = {isa = PBXFileReference; fileEncoding = 4; lastKnownFileType = file.xib; path = CustomKeyBoardView.xib; sourceTree = "<group>"; };
		A5C9EAC719CB1D2000BD4EC4 /* KeyboardViewController.h */ = {isa = PBXFileReference; fileEncoding = 4; lastKnownFileType = sourcecode.c.h; path = KeyboardViewController.h; sourceTree = "<group>"; };
		A5C9EAC819CB1D2000BD4EC4 /* KeyboardViewController.m */ = {isa = PBXFileReference; fileEncoding = 4; lastKnownFileType = sourcecode.c.objc; path = KeyboardViewController.m; sourceTree = "<group>"; };
		A5C9EAC919CB1D2000BD4EC4 /* UIButton+Bootstrap.h */ = {isa = PBXFileReference; fileEncoding = 4; lastKnownFileType = sourcecode.c.h; path = "UIButton+Bootstrap.h"; sourceTree = "<group>"; };
		A5C9EACA19CB1D2000BD4EC4 /* UIButton+Bootstrap.m */ = {isa = PBXFileReference; fileEncoding = 4; lastKnownFileType = sourcecode.c.objc; path = "UIButton+Bootstrap.m"; sourceTree = "<group>"; };
		A5D00D4A19C96AF700B9C669 /* ToucIDDemoViewController.h */ = {isa = PBXFileReference; fileEncoding = 4; lastKnownFileType = sourcecode.c.h; path = ToucIDDemoViewController.h; sourceTree = "<group>"; };
		A5D00D4B19C96AF700B9C669 /* ToucIDDemoViewController.m */ = {isa = PBXFileReference; fileEncoding = 4; lastKnownFileType = sourcecode.c.objc; path = ToucIDDemoViewController.m; sourceTree = "<group>"; };
		A5FB963819C872160096C2D3 /* SplitMasterTableViewController.h */ = {isa = PBXFileReference; fileEncoding = 4; lastKnownFileType = sourcecode.c.h; path = SplitMasterTableViewController.h; sourceTree = "<group>"; };
		A5FB963919C872160096C2D3 /* SplitMasterTableViewController.m */ = {isa = PBXFileReference; fileEncoding = 4; lastKnownFileType = sourcecode.c.objc; path = SplitMasterTableViewController.m; sourceTree = "<group>"; };
		A5FB963B19C87C070096C2D3 /* UIVisualEffectsDemoViewController.h */ = {isa = PBXFileReference; fileEncoding = 4; lastKnownFileType = sourcecode.c.h; path = UIVisualEffectsDemoViewController.h; sourceTree = "<group>"; };
		A5FB963C19C87C070096C2D3 /* UIVisualEffectsDemoViewController.m */ = {isa = PBXFileReference; fileEncoding = 4; lastKnownFileType = sourcecode.c.objc; path = UIVisualEffectsDemoViewController.m; sourceTree = "<group>"; };
/* End PBXFileReference section */

/* Begin PBXFrameworksBuildPhase section */
		A57EE7F919C9C882006C4B75 /* Frameworks */ = {
			isa = PBXFrameworksBuildPhase;
			buildActionMask = 2147483647;
			files = (
				A57EE7FD19C9C882006C4B75 /* NotificationCenter.framework in Frameworks */,
			);
			runOnlyForDeploymentPostprocessing = 0;
		};
		A584A30719C6FEEC009B1B68 /* Frameworks */ = {
			isa = PBXFrameworksBuildPhase;
			buildActionMask = 2147483647;
			files = (
			);
			runOnlyForDeploymentPostprocessing = 0;
		};
		A584A31D19C6FEEC009B1B68 /* Frameworks */ = {
			isa = PBXFrameworksBuildPhase;
			buildActionMask = 2147483647;
			files = (
			);
			runOnlyForDeploymentPostprocessing = 0;
		};
		A586EB9819CC5BAA005A215A /* Frameworks */ = {
			isa = PBXFrameworksBuildPhase;
			buildActionMask = 2147483647;
			files = (
			);
			runOnlyForDeploymentPostprocessing = 0;
		};
		A5C9EAA919CB1AF500BD4EC4 /* Frameworks */ = {
			isa = PBXFrameworksBuildPhase;
			buildActionMask = 2147483647;
			files = (
			);
			runOnlyForDeploymentPostprocessing = 0;
		};
/* End PBXFrameworksBuildPhase section */

/* Begin PBXGroup section */
		A57EE7FE19C9C882006C4B75 /* TodayExtensionDemo */ = {
			isa = PBXGroup;
			children = (
				A57EE84819C9D210006C4B75 /* com.satheeshwaran.iOS8FeaturesDemo.TodayExtensionDemo.entitlements */,
				A57EE81719C9CBDA006C4B75 /* Weather Icons */,
				A57EE81519C9C8BC006C4B75 /* Info.plist */,
				A57EE80F19C9C89A006C4B75 /* MainInterface.storyboard */,
				A57EE81019C9C89A006C4B75 /* TodayViewController.h */,
				A57EE81119C9C89A006C4B75 /* TodayViewController.m */,
			);
			path = TodayExtensionDemo;
			sourceTree = "<group>";
		};
		A57EE81719C9CBDA006C4B75 /* Weather Icons */ = {
			isa = PBXGroup;
			children = (
				A523E82519CAC44700460AA1 /* weatherBG.jpg */,
				A57EE81819C9CBDA006C4B75 /* weather-broken.png */,
				A57EE81919C9CBDA006C4B75 /* weather-broken@2x.png */,
				A57EE81A19C9CBDA006C4B75 /* weather-clear.png */,
				A57EE81B19C9CBDA006C4B75 /* weather-clear@2x.png */,
				A57EE81C19C9CBDA006C4B75 /* weather-few-night.png */,
				A57EE81D19C9CBDA006C4B75 /* weather-few-night@2x.png */,
				A57EE81E19C9CBDA006C4B75 /* weather-few.png */,
				A57EE81F19C9CBDA006C4B75 /* weather-few@2x.png */,
				A57EE82019C9CBDA006C4B75 /* weather-mist.png */,
				A57EE82119C9CBDA006C4B75 /* weather-mist@2x.png */,
				A57EE82219C9CBDA006C4B75 /* weather-moon.png */,
				A57EE82319C9CBDA006C4B75 /* weather-moon@2x.png */,
				A57EE82419C9CBDA006C4B75 /* weather-rain-night.png */,
				A57EE82519C9CBDA006C4B75 /* weather-rain-night@2x.png */,
				A57EE82619C9CBDA006C4B75 /* weather-rain.png */,
				A57EE82719C9CBDA006C4B75 /* weather-rain@2x.png */,
				A57EE82819C9CBDA006C4B75 /* weather-scattered.png */,
				A57EE82919C9CBDA006C4B75 /* weather-scattered@2x.png */,
				A57EE82A19C9CBDA006C4B75 /* weather-shower.png */,
				A57EE82B19C9CBDA006C4B75 /* weather-shower@2x.png */,
				A57EE82C19C9CBDA006C4B75 /* weather-snow.png */,
				A57EE82D19C9CBDA006C4B75 /* weather-snow@2x.png */,
				A57EE82E19C9CBDA006C4B75 /* weather-tstorm.png */,
				A57EE82F19C9CBDA006C4B75 /* weather-tstorm@2x.png */,
			);
			path = "Weather Icons";
			sourceTree = "<group>";
		};
		A584A30119C6FEEC009B1B68 = {
			isa = PBXGroup;
			children = (
				A57EE7FE19C9C882006C4B75 /* TodayExtensionDemo */,
				A5C9EAAD19CB1AF600BD4EC4 /* InternetSlangKeyboard */,
				A586EB9C19CC5BAB005A215A /* TranslateActionDemo */,
				A5D00D5019C96C0D00B9C669 /* Frameworks */,
				A584A30C19C6FEEC009B1B68 /* iOS8FeaturesDemo */,
				A584A32319C6FEEC009B1B68 /* iOS8FeaturesDemoTests */,
				A584A30B19C6FEEC009B1B68 /* Products */,
			);
			sourceTree = "<group>";
		};
		A584A30B19C6FEEC009B1B68 /* Products */ = {
			isa = PBXGroup;
			children = (
				A584A30A19C6FEEC009B1B68 /* iOS8FeaturesDemo.app */,
				A584A32019C6FEEC009B1B68 /* iOS8FeaturesDemoTests.xctest */,
				A57EE7FC19C9C882006C4B75 /* com.satheeshwaran.iOS8FeaturesDemo.TodayExtensionDemo.appex */,
				A5C9EAAC19CB1AF500BD4EC4 /* com.satheeshwaran.ios8featuresdemo.InternetSlangKeyboard.appex */,
				A586EB9B19CC5BAA005A215A /* TranslateActionDemo.appex */,
			);
			name = Products;
			sourceTree = "<group>";
		};
		A584A30C19C6FEEC009B1B68 /* iOS8FeaturesDemo */ = {
			isa = PBXGroup;
			children = (
				A57EE7F419C9C7B3006C4B75 /* iOS8FeaturesDemo.entitlements */,
				A584A31119C6FEEC009B1B68 /* AppDelegate.h */,
				A584A31219C6FEEC009B1B68 /* AppDelegate.m */,
				A584A31419C6FEEC009B1B68 /* ViewController.h */,
				A584A31519C6FEEC009B1B68 /* ViewController.m */,
				A584A33019C708F9009B1B68 /* LocalNotificationsViewController.h */,
				A584A33119C708F9009B1B68 /* LocalNotificationsViewController.m */,
				A584A33319C70972009B1B68 /* AddNewLocalNotificationViewController.h */,
				A584A33419C70972009B1B68 /* AddNewLocalNotificationViewController.m */,
				A52938AE19C84DAB0040C21E /* AlertViewAndActionSheetViewController.h */,
				A52938AF19C84DAB0040C21E /* AlertViewAndActionSheetViewController.m */,
				A51D25EA19C86B5F0088C9E7 /* SplitViewControllerDemo.h */,
				A51D25EB19C86B5F0088C9E7 /* SplitViewControllerDemo.m */,
				A5FB963819C872160096C2D3 /* SplitMasterTableViewController.h */,
				A5FB963919C872160096C2D3 /* SplitMasterTableViewController.m */,
				A5FB963B19C87C070096C2D3 /* UIVisualEffectsDemoViewController.h */,
				A5FB963C19C87C070096C2D3 /* UIVisualEffectsDemoViewController.m */,
				A5D00D4A19C96AF700B9C669 /* ToucIDDemoViewController.h */,
				A5D00D4B19C96AF700B9C669 /* ToucIDDemoViewController.m */,
				A57EE7F519C9C80F006C4B75 /* TodayExtensionDemoViewController.h */,
				A57EE7F619C9C80F006C4B75 /* TodayExtensionDemoViewController.m */,
				A586EBAC19CC606B005A215A /* ActionExtensionDemoViewController.h */,
				A586EBAD19CC606B005A215A /* ActionExtensionDemoViewController.m */,
				A584A31719C6FEEC009B1B68 /* Main.storyboard */,
				A584A31A19C6FEEC009B1B68 /* Images.xcassets */,
				A584A30D19C6FEEC009B1B68 /* Supporting Files */,
			);
			path = iOS8FeaturesDemo;
			sourceTree = "<group>";
		};
		A584A30D19C6FEEC009B1B68 /* Supporting Files */ = {
			isa = PBXGroup;
			children = (
				A584A30E19C6FEEC009B1B68 /* Info.plist */,
				A584A30F19C6FEEC009B1B68 /* main.m */,
			);
			name = "Supporting Files";
			sourceTree = "<group>";
		};
		A584A32319C6FEEC009B1B68 /* iOS8FeaturesDemoTests */ = {
			isa = PBXGroup;
			children = (
				A584A32619C6FEEC009B1B68 /* iOS8FeaturesDemoTests.m */,
				A584A32419C6FEEC009B1B68 /* Supporting Files */,
			);
			path = iOS8FeaturesDemoTests;
			sourceTree = "<group>";
		};
		A584A32419C6FEEC009B1B68 /* Supporting Files */ = {
			isa = PBXGroup;
			children = (
				A584A32519C6FEEC009B1B68 /* Info.plist */,
			);
			name = "Supporting Files";
			sourceTree = "<group>";
		};
		A586EB9C19CC5BAB005A215A /* TranslateActionDemo */ = {
			isa = PBXGroup;
			children = (
				A586EB9F19CC5BAB005A215A /* ActionViewController.h */,
				A586EBA019CC5BAB005A215A /* ActionViewController.m */,
				A586EBA219CC5BAB005A215A /* MainInterface.storyboard */,
				A586EB9D19CC5BAB005A215A /* Supporting Files */,
			);
			path = TranslateActionDemo;
			sourceTree = "<group>";
		};
		A586EB9D19CC5BAB005A215A /* Supporting Files */ = {
			isa = PBXGroup;
			children = (
				A586EB9E19CC5BAB005A215A /* Info.plist */,
			);
			name = "Supporting Files";
			sourceTree = "<group>";
		};
		A5C9EAAD19CB1AF600BD4EC4 /* InternetSlangKeyboard */ = {
			isa = PBXGroup;
			children = (
				A5C9EAC619CB1D2000BD4EC4 /* CustomKeyBoardView.xib */,
				A5C9EAC719CB1D2000BD4EC4 /* KeyboardViewController.h */,
				A5C9EAC819CB1D2000BD4EC4 /* KeyboardViewController.m */,
				A5C9EAC919CB1D2000BD4EC4 /* UIButton+Bootstrap.h */,
				A5C9EACA19CB1D2000BD4EC4 /* UIButton+Bootstrap.m */,
				A5C9EAAE19CB1AF600BD4EC4 /* Supporting Files */,
			);
			path = InternetSlangKeyboard;
			sourceTree = "<group>";
		};
		A5C9EAAE19CB1AF600BD4EC4 /* Supporting Files */ = {
			isa = PBXGroup;
			children = (
				A5C9EAAF19CB1AF600BD4EC4 /* Info.plist */,
			);
			name = "Supporting Files";
			sourceTree = "<group>";
		};
		A5D00D5019C96C0D00B9C669 /* Frameworks */ = {
			isa = PBXGroup;
			children = (
				A57EE7CD19C9C486006C4B75 /* NotificationCenter.framework */,
			);
			name = Frameworks;
			sourceTree = "<group>";
		};
/* End PBXGroup section */

/* Begin PBXNativeTarget section */
		A57EE7FB19C9C882006C4B75 /* TodayExtensionDemo */ = {
			isa = PBXNativeTarget;
			buildConfigurationList = A57EE80B19C9C882006C4B75 /* Build configuration list for PBXNativeTarget "TodayExtensionDemo" */;
			buildPhases = (
				A57EE7F819C9C882006C4B75 /* Sources */,
				A57EE7F919C9C882006C4B75 /* Frameworks */,
				A57EE7FA19C9C882006C4B75 /* Resources */,
			);
			buildRules = (
			);
			dependencies = (
			);
			name = TodayExtensionDemo;
			productName = TodayExtensionDemo;
			productReference = A57EE7FC19C9C882006C4B75 /* com.satheeshwaran.iOS8FeaturesDemo.TodayExtensionDemo.appex */;
			productType = "com.apple.product-type.app-extension";
		};
		A584A30919C6FEEC009B1B68 /* iOS8FeaturesDemo */ = {
			isa = PBXNativeTarget;
			buildConfigurationList = A584A32A19C6FEEC009B1B68 /* Build configuration list for PBXNativeTarget "iOS8FeaturesDemo" */;
			buildPhases = (
				A584A30619C6FEEC009B1B68 /* Sources */,
				A584A30719C6FEEC009B1B68 /* Frameworks */,
				A584A30819C6FEEC009B1B68 /* Resources */,
				A57EE7D919C9C486006C4B75 /* Embed App Extensions */,
			);
			buildRules = (
			);
			dependencies = (
				A57EE80719C9C882006C4B75 /* PBXTargetDependency */,
				A57EE80A19C9C882006C4B75 /* PBXTargetDependency */,
				A5C9EAB419CB1AF600BD4EC4 /* PBXTargetDependency */,
				A5C9EAB719CB1AF600BD4EC4 /* PBXTargetDependency */,
				A586EBA519CC5BAB005A215A /* PBXTargetDependency */,
				A586EBA819CC5BAB005A215A /* PBXTargetDependency */,
			);
			name = iOS8FeaturesDemo;
			productName = iOS8FeaturesDemo;
			productReference = A584A30A19C6FEEC009B1B68 /* iOS8FeaturesDemo.app */;
			productType = "com.apple.product-type.application";
		};
		A584A31F19C6FEEC009B1B68 /* iOS8FeaturesDemoTests */ = {
			isa = PBXNativeTarget;
			buildConfigurationList = A584A32D19C6FEEC009B1B68 /* Build configuration list for PBXNativeTarget "iOS8FeaturesDemoTests" */;
			buildPhases = (
				A584A31C19C6FEEC009B1B68 /* Sources */,
				A584A31D19C6FEEC009B1B68 /* Frameworks */,
				A584A31E19C6FEEC009B1B68 /* Resources */,
			);
			buildRules = (
			);
			dependencies = (
				A584A32219C6FEEC009B1B68 /* PBXTargetDependency */,
				A57EE84A19C9D429006C4B75 /* PBXTargetDependency */,
				A57EE84C19C9D429006C4B75 /* PBXTargetDependency */,
			);
			name = iOS8FeaturesDemoTests;
			productName = iOS8FeaturesDemoTests;
			productReference = A584A32019C6FEEC009B1B68 /* iOS8FeaturesDemoTests.xctest */;
			productType = "com.apple.product-type.bundle.unit-test";
		};
		A586EB9A19CC5BAA005A215A /* TranslateActionDemo */ = {
			isa = PBXNativeTarget;
			buildConfigurationList = A586EBAB19CC5BAB005A215A /* Build configuration list for PBXNativeTarget "TranslateActionDemo" */;
			buildPhases = (
				A586EB9719CC5BAA005A215A /* Sources */,
				A586EB9819CC5BAA005A215A /* Frameworks */,
				A586EB9919CC5BAA005A215A /* Resources */,
			);
			buildRules = (
			);
			dependencies = (
			);
			name = TranslateActionDemo;
			productName = TranslateActionDemo;
			productReference = A586EB9B19CC5BAA005A215A /* TranslateActionDemo.appex */;
			productType = "com.apple.product-type.app-extension";
		};
		A5C9EAAB19CB1AF500BD4EC4 /* InternetSlangKeyboard */ = {
			isa = PBXNativeTarget;
			buildConfigurationList = A5C9EAB819CB1AF600BD4EC4 /* Build configuration list for PBXNativeTarget "InternetSlangKeyboard" */;
			buildPhases = (
				A5C9EAA819CB1AF500BD4EC4 /* Sources */,
				A5C9EAA919CB1AF500BD4EC4 /* Frameworks */,
				A5C9EAAA19CB1AF500BD4EC4 /* Resources */,
			);
			buildRules = (
			);
			dependencies = (
			);
			name = InternetSlangKeyboard;
			productName = InternetSlangKeyboard;
			productReference = A5C9EAAC19CB1AF500BD4EC4 /* com.satheeshwaran.ios8featuresdemo.InternetSlangKeyboard.appex */;
			productType = "com.apple.product-type.app-extension";
		};
/* End PBXNativeTarget section */

/* Begin PBXProject section */
		A584A30219C6FEEC009B1B68 /* Project object */ = {
			isa = PBXProject;
			attributes = {
				LastUpgradeCheck = 0600;
				ORGANIZATIONNAME = Satheeshwaran;
				TargetAttributes = {
					A57EE7FB19C9C882006C4B75 = {
						CreatedOnToolsVersion = 6.0;
						DevelopmentTeam = LSVVD8ZPH6;
						SystemCapabilities = {
							com.apple.iOS = {
								enabled = 1;
							};
						};
					};
					A584A30919C6FEEC009B1B68 = {
						CreatedOnToolsVersion = 6.0;
						DevelopmentTeam = LSVVD8ZPH6;
						SystemCapabilities = {
							com.apple.iOS = {
								enabled = 1;
							};
						};
					};
					A584A31F19C6FEEC009B1B68 = {
						CreatedOnToolsVersion = 6.0;
						TestTargetID = A584A30919C6FEEC009B1B68;
					};
					A586EB9A19CC5BAA005A215A = {
						CreatedOnToolsVersion = 6.0.1;
						DevelopmentTeam = LSVVD8ZPH6;
					};
					A5C9EAAB19CB1AF500BD4EC4 = {
						CreatedOnToolsVersion = 6.0;
						DevelopmentTeam = LSVVD8ZPH6;
					};
				};
			};
			buildConfigurationList = A584A30519C6FEEC009B1B68 /* Build configuration list for PBXProject "iOS8FeaturesDemo" */;
			compatibilityVersion = "Xcode 3.2";
			developmentRegion = English;
			hasScannedForEncodings = 0;
			knownRegions = (
				en,
				Base,
			);
			mainGroup = A584A30119C6FEEC009B1B68;
			productRefGroup = A584A30B19C6FEEC009B1B68 /* Products */;
			projectDirPath = "";
			projectRoot = "";
			targets = (
				A584A30919C6FEEC009B1B68 /* iOS8FeaturesDemo */,
				A584A31F19C6FEEC009B1B68 /* iOS8FeaturesDemoTests */,
				A57EE7FB19C9C882006C4B75 /* TodayExtensionDemo */,
				A5C9EAAB19CB1AF500BD4EC4 /* InternetSlangKeyboard */,
				A586EB9A19CC5BAA005A215A /* TranslateActionDemo */,
			);
		};
/* End PBXProject section */

/* Begin PBXResourcesBuildPhase section */
		A57EE7FA19C9C882006C4B75 /* Resources */ = {
			isa = PBXResourcesBuildPhase;
			buildActionMask = 2147483647;
			files = (
				A57EE83119C9CBDA006C4B75 /* weather-broken@2x.png in Resources */,
				A57EE83619C9CBDA006C4B75 /* weather-few.png in Resources */,
				A57EE84719C9CBDA006C4B75 /* weather-tstorm@2x.png in Resources */,
				A57EE84619C9CBDA006C4B75 /* weather-tstorm.png in Resources */,
				A57EE83C19C9CBDA006C4B75 /* weather-rain-night.png in Resources */,
				A57EE83819C9CBDA006C4B75 /* weather-mist.png in Resources */,
				A57EE84219C9CBDA006C4B75 /* weather-shower.png in Resources */,
				A57EE83D19C9CBDA006C4B75 /* weather-rain-night@2x.png in Resources */,
				A57EE83E19C9CBDA006C4B75 /* weather-rain.png in Resources */,
				A57EE83319C9CBDA006C4B75 /* weather-clear@2x.png in Resources */,
				A57EE83219C9CBDA006C4B75 /* weather-clear.png in Resources */,
				A57EE83519C9CBDA006C4B75 /* weather-few-night@2x.png in Resources */,
				A57EE83019C9CBDA006C4B75 /* weather-broken.png in Resources */,
				A57EE83A19C9CBDA006C4B75 /* weather-moon.png in Resources */,
				A57EE84519C9CBDA006C4B75 /* weather-snow@2x.png in Resources */,
				A57EE84419C9CBDA006C4B75 /* weather-snow.png in Resources */,
				A57EE84319C9CBDA006C4B75 /* weather-shower@2x.png in Resources */,
				A57EE81319C9C89A006C4B75 /* MainInterface.storyboard in Resources */,
				A57EE84119C9CBDA006C4B75 /* weather-scattered@2x.png in Resources */,
				A523E82619CAC44700460AA1 /* weatherBG.jpg in Resources */,
				A57EE84019C9CBDA006C4B75 /* weather-scattered.png in Resources */,
				A57EE83719C9CBDA006C4B75 /* weather-few@2x.png in Resources */,
				A57EE83919C9CBDA006C4B75 /* weather-mist@2x.png in Resources */,
				A57EE83F19C9CBDA006C4B75 /* weather-rain@2x.png in Resources */,
				A57EE83B19C9CBDA006C4B75 /* weather-moon@2x.png in Resources */,
				A57EE83419C9CBDA006C4B75 /* weather-few-night.png in Resources */,
			);
			runOnlyForDeploymentPostprocessing = 0;
		};
		A584A30819C6FEEC009B1B68 /* Resources */ = {
			isa = PBXResourcesBuildPhase;
			buildActionMask = 2147483647;
			files = (
				A584A31919C6FEEC009B1B68 /* Main.storyboard in Resources */,
				A584A31B19C6FEEC009B1B68 /* Images.xcassets in Resources */,
			);
			runOnlyForDeploymentPostprocessing = 0;
		};
		A584A31E19C6FEEC009B1B68 /* Resources */ = {
			isa = PBXResourcesBuildPhase;
			buildActionMask = 2147483647;
			files = (
			);
			runOnlyForDeploymentPostprocessing = 0;
		};
		A586EB9919CC5BAA005A215A /* Resources */ = {
			isa = PBXResourcesBuildPhase;
			buildActionMask = 2147483647;
			files = (
				A586EBA319CC5BAB005A215A /* MainInterface.storyboard in Resources */,
				8EDA0AE119CF440900F89E40 /* Images.xcassets in Resources */,
			);
			runOnlyForDeploymentPostprocessing = 0;
		};
		A5C9EAAA19CB1AF500BD4EC4 /* Resources */ = {
			isa = PBXResourcesBuildPhase;
			buildActionMask = 2147483647;
			files = (
				A5C9EACB19CB1D2000BD4EC4 /* CustomKeyBoardView.xib in Resources */,
			);
			runOnlyForDeploymentPostprocessing = 0;
		};
/* End PBXResourcesBuildPhase section */

/* Begin PBXSourcesBuildPhase section */
		A57EE7F819C9C882006C4B75 /* Sources */ = {
			isa = PBXSourcesBuildPhase;
			buildActionMask = 2147483647;
			files = (
				A57EE81419C9C89A006C4B75 /* TodayViewController.m in Sources */,
			);
			runOnlyForDeploymentPostprocessing = 0;
		};
		A584A30619C6FEEC009B1B68 /* Sources */ = {
			isa = PBXSourcesBuildPhase;
			buildActionMask = 2147483647;
			files = (
				A584A31619C6FEEC009B1B68 /* ViewController.m in Sources */,
				A51D25EC19C86B5F0088C9E7 /* SplitViewControllerDemo.m in Sources */,
				A584A33219C708F9009B1B68 /* LocalNotificationsViewController.m in Sources */,
				A5D00D4C19C96AF700B9C669 /* ToucIDDemoViewController.m in Sources */,
				A584A31319C6FEEC009B1B68 /* AppDelegate.m in Sources */,
				A5FB963A19C872160096C2D3 /* SplitMasterTableViewController.m in Sources */,
				A5FB963D19C87C070096C2D3 /* UIVisualEffectsDemoViewController.m in Sources */,
				A584A31019C6FEEC009B1B68 /* main.m in Sources */,
				A52938B019C84DAB0040C21E /* AlertViewAndActionSheetViewController.m in Sources */,
				A586EBAE19CC606B005A215A /* ActionExtensionDemoViewController.m in Sources */,
				A57EE7F719C9C80F006C4B75 /* TodayExtensionDemoViewController.m in Sources */,
				A584A33519C70972009B1B68 /* AddNewLocalNotificationViewController.m in Sources */,
			);
			runOnlyForDeploymentPostprocessing = 0;
		};
		A584A31C19C6FEEC009B1B68 /* Sources */ = {
			isa = PBXSourcesBuildPhase;
			buildActionMask = 2147483647;
			files = (
				A584A32719C6FEEC009B1B68 /* iOS8FeaturesDemoTests.m in Sources */,
			);
			runOnlyForDeploymentPostprocessing = 0;
		};
		A586EB9719CC5BAA005A215A /* Sources */ = {
			isa = PBXSourcesBuildPhase;
			buildActionMask = 2147483647;
			files = (
				A586EBA119CC5BAB005A215A /* ActionViewController.m in Sources */,
			);
			runOnlyForDeploymentPostprocessing = 0;
		};
		A5C9EAA819CB1AF500BD4EC4 /* Sources */ = {
			isa = PBXSourcesBuildPhase;
			buildActionMask = 2147483647;
			files = (
				A5C9EACD19CB1D2000BD4EC4 /* UIButton+Bootstrap.m in Sources */,
				A5C9EACC19CB1D2000BD4EC4 /* KeyboardViewController.m in Sources */,
			);
			runOnlyForDeploymentPostprocessing = 0;
		};
/* End PBXSourcesBuildPhase section */

/* Begin PBXTargetDependency section */
		A57EE80719C9C882006C4B75 /* PBXTargetDependency */ = {
			isa = PBXTargetDependency;
			target = A57EE7FB19C9C882006C4B75 /* TodayExtensionDemo */;
			targetProxy = A57EE80619C9C882006C4B75 /* PBXContainerItemProxy */;
		};
		A57EE80A19C9C882006C4B75 /* PBXTargetDependency */ = {
			isa = PBXTargetDependency;
			target = A57EE7FB19C9C882006C4B75 /* TodayExtensionDemo */;
			targetProxy = A57EE80919C9C882006C4B75 /* PBXContainerItemProxy */;
		};
		A57EE84A19C9D429006C4B75 /* PBXTargetDependency */ = {
			isa = PBXTargetDependency;
			target = A584A30919C6FEEC009B1B68 /* iOS8FeaturesDemo */;
			targetProxy = A57EE84919C9D429006C4B75 /* PBXContainerItemProxy */;
		};
		A57EE84C19C9D429006C4B75 /* PBXTargetDependency */ = {
			isa = PBXTargetDependency;
			target = A584A30919C6FEEC009B1B68 /* iOS8FeaturesDemo */;
			targetProxy = A57EE84B19C9D429006C4B75 /* PBXContainerItemProxy */;
		};
		A584A32219C6FEEC009B1B68 /* PBXTargetDependency */ = {
			isa = PBXTargetDependency;
			target = A584A30919C6FEEC009B1B68 /* iOS8FeaturesDemo */;
			targetProxy = A584A32119C6FEEC009B1B68 /* PBXContainerItemProxy */;
		};
		A586EBA519CC5BAB005A215A /* PBXTargetDependency */ = {
			isa = PBXTargetDependency;
			target = A586EB9A19CC5BAA005A215A /* TranslateActionDemo */;
			targetProxy = A586EBA419CC5BAB005A215A /* PBXContainerItemProxy */;
		};
		A586EBA819CC5BAB005A215A /* PBXTargetDependency */ = {
			isa = PBXTargetDependency;
			target = A586EB9A19CC5BAA005A215A /* TranslateActionDemo */;
			targetProxy = A586EBA719CC5BAB005A215A /* PBXContainerItemProxy */;
		};
		A5C9EAB419CB1AF600BD4EC4 /* PBXTargetDependency */ = {
			isa = PBXTargetDependency;
			target = A5C9EAAB19CB1AF500BD4EC4 /* InternetSlangKeyboard */;
			targetProxy = A5C9EAB319CB1AF600BD4EC4 /* PBXContainerItemProxy */;
		};
		A5C9EAB719CB1AF600BD4EC4 /* PBXTargetDependency */ = {
			isa = PBXTargetDependency;
			target = A5C9EAAB19CB1AF500BD4EC4 /* InternetSlangKeyboard */;
			targetProxy = A5C9EAB619CB1AF600BD4EC4 /* PBXContainerItemProxy */;
		};
/* End PBXTargetDependency section */

/* Begin PBXVariantGroup section */
		A584A31719C6FEEC009B1B68 /* Main.storyboard */ = {
			isa = PBXVariantGroup;
			children = (
				A584A31819C6FEEC009B1B68 /* Base */,
			);
			name = Main.storyboard;
			sourceTree = "<group>";
		};
/* End PBXVariantGroup section */

/* Begin XCBuildConfiguration section */
		A57EE80C19C9C882006C4B75 /* Debug */ = {
			isa = XCBuildConfiguration;
			buildSettings = {
				CODE_SIGN_ENTITLEMENTS = TodayExtensionDemo/com.satheeshwaran.iOS8FeaturesDemo.TodayExtensionDemo.entitlements;
				CODE_SIGN_IDENTITY = "";
				"CODE_SIGN_IDENTITY[sdk=iphoneos*]" = "";
				GCC_PREPROCESSOR_DEFINITIONS = (
					"DEBUG=1",
					"$(inherited)",
				);
				INFOPLIST_FILE = TodayExtensionDemo/Info.plist;
				LD_RUNPATH_SEARCH_PATHS = "$(inherited) @executable_path/Frameworks @executable_path/../../Frameworks";
				METAL_ENABLE_DEBUG_INFO = YES;
				PRODUCT_NAME = "com.satheeshwaran.iOS8FeaturesDemo.$(TARGET_NAME:rfc1034identifier)";
				PROVISIONING_PROFILE = "";
				SKIP_INSTALL = YES;
			};
			name = Debug;
		};
		A57EE80D19C9C882006C4B75 /* Release */ = {
			isa = XCBuildConfiguration;
			buildSettings = {
				CODE_SIGN_ENTITLEMENTS = TodayExtensionDemo/com.satheeshwaran.iOS8FeaturesDemo.TodayExtensionDemo.entitlements;
				CODE_SIGN_IDENTITY = "";
				"CODE_SIGN_IDENTITY[sdk=iphoneos*]" = "";
				INFOPLIST_FILE = TodayExtensionDemo/Info.plist;
				LD_RUNPATH_SEARCH_PATHS = "$(inherited) @executable_path/Frameworks @executable_path/../../Frameworks";
				METAL_ENABLE_DEBUG_INFO = NO;
				PRODUCT_NAME = "com.satheeshwaran.iOS8FeaturesDemo.$(TARGET_NAME:rfc1034identifier)";
				PROVISIONING_PROFILE = "";
				SKIP_INSTALL = YES;
			};
			name = Release;
		};
		A584A32819C6FEEC009B1B68 /* Debug */ = {
			isa = XCBuildConfiguration;
			buildSettings = {
				ALWAYS_SEARCH_USER_PATHS = NO;
				CLANG_CXX_LANGUAGE_STANDARD = "gnu++0x";
				CLANG_CXX_LIBRARY = "libc++";
				CLANG_ENABLE_MODULES = YES;
				CLANG_ENABLE_OBJC_ARC = YES;
				CLANG_WARN_BOOL_CONVERSION = YES;
				CLANG_WARN_CONSTANT_CONVERSION = YES;
				CLANG_WARN_DIRECT_OBJC_ISA_USAGE = YES_ERROR;
				CLANG_WARN_EMPTY_BODY = YES;
				CLANG_WARN_ENUM_CONVERSION = YES;
				CLANG_WARN_INT_CONVERSION = YES;
				CLANG_WARN_OBJC_ROOT_CLASS = YES_ERROR;
				CLANG_WARN_UNREACHABLE_CODE = YES;
				CLANG_WARN__DUPLICATE_METHOD_MATCH = YES;
				CODE_SIGN_IDENTITY = "";
				"CODE_SIGN_IDENTITY[sdk=iphoneos*]" = "";
				COPY_PHASE_STRIP = NO;
				ENABLE_STRICT_OBJC_MSGSEND = YES;
				GCC_C_LANGUAGE_STANDARD = gnu99;
				GCC_DYNAMIC_NO_PIC = NO;
				GCC_OPTIMIZATION_LEVEL = 0;
				GCC_PREPROCESSOR_DEFINITIONS = (
					"DEBUG=1",
					"$(inherited)",
				);
				GCC_SYMBOLS_PRIVATE_EXTERN = NO;
				GCC_WARN_64_TO_32_BIT_CONVERSION = YES;
				GCC_WARN_ABOUT_RETURN_TYPE = YES_ERROR;
				GCC_WARN_UNDECLARED_SELECTOR = YES;
				GCC_WARN_UNINITIALIZED_AUTOS = YES_AGGRESSIVE;
				GCC_WARN_UNUSED_FUNCTION = YES;
				GCC_WARN_UNUSED_VARIABLE = YES;
				IPHONEOS_DEPLOYMENT_TARGET = 8.0;
				METAL_ENABLE_DEBUG_INFO = YES;
				ONLY_ACTIVE_ARCH = YES;
				SDKROOT = iphoneos;
			};
			name = Debug;
		};
		A584A32919C6FEEC009B1B68 /* Release */ = {
			isa = XCBuildConfiguration;
			buildSettings = {
				ALWAYS_SEARCH_USER_PATHS = NO;
				CLANG_CXX_LANGUAGE_STANDARD = "gnu++0x";
				CLANG_CXX_LIBRARY = "libc++";
				CLANG_ENABLE_MODULES = YES;
				CLANG_ENABLE_OBJC_ARC = YES;
				CLANG_WARN_BOOL_CONVERSION = YES;
				CLANG_WARN_CONSTANT_CONVERSION = YES;
				CLANG_WARN_DIRECT_OBJC_ISA_USAGE = YES_ERROR;
				CLANG_WARN_EMPTY_BODY = YES;
				CLANG_WARN_ENUM_CONVERSION = YES;
				CLANG_WARN_INT_CONVERSION = YES;
				CLANG_WARN_OBJC_ROOT_CLASS = YES_ERROR;
				CLANG_WARN_UNREACHABLE_CODE = YES;
				CLANG_WARN__DUPLICATE_METHOD_MATCH = YES;
				CODE_SIGN_IDENTITY = "";
				"CODE_SIGN_IDENTITY[sdk=iphoneos*]" = "";
				COPY_PHASE_STRIP = YES;
				ENABLE_NS_ASSERTIONS = NO;
				ENABLE_STRICT_OBJC_MSGSEND = YES;
				GCC_C_LANGUAGE_STANDARD = gnu99;
				GCC_WARN_64_TO_32_BIT_CONVERSION = YES;
				GCC_WARN_ABOUT_RETURN_TYPE = YES_ERROR;
				GCC_WARN_UNDECLARED_SELECTOR = YES;
				GCC_WARN_UNINITIALIZED_AUTOS = YES_AGGRESSIVE;
				GCC_WARN_UNUSED_FUNCTION = YES;
				GCC_WARN_UNUSED_VARIABLE = YES;
				IPHONEOS_DEPLOYMENT_TARGET = 8.0;
				METAL_ENABLE_DEBUG_INFO = NO;
				SDKROOT = iphoneos;
				VALIDATE_PRODUCT = YES;
			};
			name = Release;
		};
		A584A32B19C6FEEC009B1B68 /* Debug */ = {
			isa = XCBuildConfiguration;
			buildSettings = {
				ASSETCATALOG_COMPILER_APPICON_NAME = AppIcon;
				ASSETCATALOG_COMPILER_LAUNCHIMAGE_NAME = LaunchImage;
				CODE_SIGN_ENTITLEMENTS = iOS8FeaturesDemo/iOS8FeaturesDemo.entitlements;
				CODE_SIGN_IDENTITY = "iPhone Developer";
				"CODE_SIGN_IDENTITY[sdk=iphoneos*]" = "iPhone Developer";
				INFOPLIST_FILE = iOS8FeaturesDemo/Info.plist;
				LD_RUNPATH_SEARCH_PATHS = "$(inherited) @executable_path/Frameworks";
				PRODUCT_NAME = "$(TARGET_NAME)";
				PROVISIONING_PROFILE = "6E19F26E-B433-43B0-AB19-FBDABF0E900F";
			};
			name = Debug;
		};
		A584A32C19C6FEEC009B1B68 /* Release */ = {
			isa = XCBuildConfiguration;
			buildSettings = {
				ASSETCATALOG_COMPILER_APPICON_NAME = AppIcon;
				ASSETCATALOG_COMPILER_LAUNCHIMAGE_NAME = LaunchImage;
				CODE_SIGN_ENTITLEMENTS = iOS8FeaturesDemo/iOS8FeaturesDemo.entitlements;
				CODE_SIGN_IDENTITY = "iPhone Developer";
				"CODE_SIGN_IDENTITY[sdk=iphoneos*]" = "iPhone Developer";
				INFOPLIST_FILE = iOS8FeaturesDemo/Info.plist;
				LD_RUNPATH_SEARCH_PATHS = "$(inherited) @executable_path/Frameworks";
				PRODUCT_NAME = "$(TARGET_NAME)";
				PROVISIONING_PROFILE = "6E19F26E-B433-43B0-AB19-FBDABF0E900F";
			};
			name = Release;
		};
		A584A32E19C6FEEC009B1B68 /* Debug */ = {
			isa = XCBuildConfiguration;
			buildSettings = {
				BUNDLE_LOADER = "$(BUILT_PRODUCTS_DIR)/iOS8FeaturesDemo.app/iOS8FeaturesDemo";
				FRAMEWORK_SEARCH_PATHS = (
					"$(SDKROOT)/Developer/Library/Frameworks",
					"$(inherited)",
				);
				GCC_PREPROCESSOR_DEFINITIONS = (
					"DEBUG=1",
					"$(inherited)",
				);
				INFOPLIST_FILE = iOS8FeaturesDemoTests/Info.plist;
				LD_RUNPATH_SEARCH_PATHS = "$(inherited) @executable_path/Frameworks @loader_path/Frameworks";
				METAL_ENABLE_DEBUG_INFO = YES;
				PRODUCT_NAME = "$(TARGET_NAME)";
				TEST_HOST = "$(BUNDLE_LOADER)";
			};
			name = Debug;
		};
		A584A32F19C6FEEC009B1B68 /* Release */ = {
			isa = XCBuildConfiguration;
			buildSettings = {
				BUNDLE_LOADER = "$(BUILT_PRODUCTS_DIR)/iOS8FeaturesDemo.app/iOS8FeaturesDemo";
				FRAMEWORK_SEARCH_PATHS = (
					"$(SDKROOT)/Developer/Library/Frameworks",
					"$(inherited)",
				);
				INFOPLIST_FILE = iOS8FeaturesDemoTests/Info.plist;
				LD_RUNPATH_SEARCH_PATHS = "$(inherited) @executable_path/Frameworks @loader_path/Frameworks";
				METAL_ENABLE_DEBUG_INFO = NO;
				PRODUCT_NAME = "$(TARGET_NAME)";
				TEST_HOST = "$(BUNDLE_LOADER)";
			};
			name = Release;
		};
		A586EBA919CC5BAB005A215A /* Debug */ = {
			isa = XCBuildConfiguration;
			buildSettings = {
				ASSETCATALOG_COMPILER_APPICON_NAME = AppIcon;
				ASSETCATALOG_COMPILER_LAUNCHIMAGE_NAME = LaunchImage;
				CODE_SIGN_IDENTITY = "iPhone Developer";
				"CODE_SIGN_IDENTITY[sdk=iphoneos*]" = "iPhone Developer";
				GCC_PREPROCESSOR_DEFINITIONS = (
					"DEBUG=1",
					"$(inherited)",
				);
				INFOPLIST_FILE = TranslateActionDemo/Info.plist;
				LD_RUNPATH_SEARCH_PATHS = "$(inherited) @executable_path/Frameworks @executable_path/../../Frameworks";
				MTL_ENABLE_DEBUG_INFO = YES;
				PRODUCT_NAME = "$(TARGET_NAME)";
				SKIP_INSTALL = YES;
			};
			name = Debug;
		};
		A586EBAA19CC5BAB005A215A /* Release */ = {
			isa = XCBuildConfiguration;
			buildSettings = {
				ASSETCATALOG_COMPILER_APPICON_NAME = AppIcon;
				ASSETCATALOG_COMPILER_LAUNCHIMAGE_NAME = LaunchImage;
				CODE_SIGN_IDENTITY = "iPhone Developer";
				"CODE_SIGN_IDENTITY[sdk=iphoneos*]" = "iPhone Developer";
				INFOPLIST_FILE = TranslateActionDemo/Info.plist;
				LD_RUNPATH_SEARCH_PATHS = "$(inherited) @executable_path/Frameworks @executable_path/../../Frameworks";
				MTL_ENABLE_DEBUG_INFO = NO;
				PRODUCT_NAME = "$(TARGET_NAME)";
				SKIP_INSTALL = YES;
			};
			name = Release;
		};
		A5C9EAB919CB1AF600BD4EC4 /* Debug */ = {
			isa = XCBuildConfiguration;
			buildSettings = {
				CODE_SIGN_IDENTITY = "iPhone Developer";
				"CODE_SIGN_IDENTITY[sdk=iphoneos*]" = "iPhone Developer";
				GCC_PREPROCESSOR_DEFINITIONS = (
					"DEBUG=1",
					"$(inherited)",
				);
				INFOPLIST_FILE = InternetSlangKeyboard/Info.plist;
				LD_RUNPATH_SEARCH_PATHS = "$(inherited) @executable_path/Frameworks @executable_path/../../Frameworks";
				METAL_ENABLE_DEBUG_INFO = YES;
				PRODUCT_NAME = "com.satheeshwaran.ios8featuresdemo.$(TARGET_NAME:rfc1034identifier)";
				SKIP_INSTALL = YES;
			};
			name = Debug;
		};
		A5C9EABA19CB1AF600BD4EC4 /* Release */ = {
			isa = XCBuildConfiguration;
			buildSettings = {
				CODE_SIGN_IDENTITY = "iPhone Developer";
				"CODE_SIGN_IDENTITY[sdk=iphoneos*]" = "iPhone Developer";
				INFOPLIST_FILE = InternetSlangKeyboard/Info.plist;
				LD_RUNPATH_SEARCH_PATHS = "$(inherited) @executable_path/Frameworks @executable_path/../../Frameworks";
				METAL_ENABLE_DEBUG_INFO = NO;
				PRODUCT_NAME = "com.satheeshwaran.ios8featuresdemo.$(TARGET_NAME:rfc1034identifier)";
				SKIP_INSTALL = YES;
			};
			name = Release;
		};
/* End XCBuildConfiguration section */

/* Begin XCConfigurationList section */
		A57EE80B19C9C882006C4B75 /* Build configuration list for PBXNativeTarget "TodayExtensionDemo" */ = {
			isa = XCConfigurationList;
			buildConfigurations = (
				A57EE80C19C9C882006C4B75 /* Debug */,
				A57EE80D19C9C882006C4B75 /* Release */,
			);
			defaultConfigurationIsVisible = 0;
			defaultConfigurationName = Release;
		};
		A584A30519C6FEEC009B1B68 /* Build configuration list for PBXProject "iOS8FeaturesDemo" */ = {
			isa = XCConfigurationList;
			buildConfigurations = (
				A584A32819C6FEEC009B1B68 /* Debug */,
				A584A32919C6FEEC009B1B68 /* Release */,
			);
			defaultConfigurationIsVisible = 0;
			defaultConfigurationName = Release;
		};
		A584A32A19C6FEEC009B1B68 /* Build configuration list for PBXNativeTarget "iOS8FeaturesDemo" */ = {
			isa = XCConfigurationList;
			buildConfigurations = (
				A584A32B19C6FEEC009B1B68 /* Debug */,
				A584A32C19C6FEEC009B1B68 /* Release */,
			);
			defaultConfigurationIsVisible = 0;
			defaultConfigurationName = Release;
		};
		A584A32D19C6FEEC009B1B68 /* Build configuration list for PBXNativeTarget "iOS8FeaturesDemoTests" */ = {
			isa = XCConfigurationList;
			buildConfigurations = (
				A584A32E19C6FEEC009B1B68 /* Debug */,
				A584A32F19C6FEEC009B1B68 /* Release */,
			);
			defaultConfigurationIsVisible = 0;
			defaultConfigurationName = Release;
		};
		A586EBAB19CC5BAB005A215A /* Build configuration list for PBXNativeTarget "TranslateActionDemo" */ = {
			isa = XCConfigurationList;
			buildConfigurations = (
				A586EBA919CC5BAB005A215A /* Debug */,
				A586EBAA19CC5BAB005A215A /* Release */,
			);
			defaultConfigurationIsVisible = 0;
			defaultConfigurationName = Release;
		};
		A5C9EAB819CB1AF600BD4EC4 /* Build configuration list for PBXNativeTarget "InternetSlangKeyboard" */ = {
			isa = XCConfigurationList;
			buildConfigurations = (
				A5C9EAB919CB1AF600BD4EC4 /* Debug */,
				A5C9EABA19CB1AF600BD4EC4 /* Release */,
			);
			defaultConfigurationIsVisible = 0;
			defaultConfigurationName = Release;
		};
/* End XCConfigurationList section */
	};
	rootObject = A584A30219C6FEEC009B1B68 /* Project object */;
}
